
Microsoft Visual Studio Solution File, Format Version 12.00
Project("{FAE04EC0-301F-11D3-BF4B-00C04F79EFBC}") = "QParser", "QParser\QParser.csproj", "{C57EDB3F-970B-40BD-900A-7274BDD9942B}"
EndProject
Project("{FAE04EC0-301F-11D3-BF4B-00C04F79EFBC}") = "QParser.Test", "QParser.Test\QParser.Test.csproj", "{6290F8BA-7AD9-444C-86E3-CED9EF3BF0D4}"
EndProject
Project("{FAE04EC0-301F-11D3-BF4B-00C04F79EFBC}") = "QParser.SourceGenerator", "QParser.SourceGenerator\QParser.SourceGenerator.csproj", "{B83E6312-3CBC-44C3-A19D-CA2158BE81D2}"
EndProject
Project("{FAE04EC0-301F-11D3-BF4B-00C04F79EFBC}") = "QParser.SourceGenerator.Example", "QParser.SourceGenerator.Example\QParser.SourceGenerator.Example.csproj", "{F6DC4A96-202A-44DF-AF68-E0058141BAA1}"
EndProject
Global
	GlobalSection(SolutionConfigurationPlatforms) = preSolution
		Debug|Any CPU = Debug|Any CPU
		Release|Any CPU = Release|Any CPU
	EndGlobalSection
	GlobalSection(ProjectConfigurationPlatforms) = postSolution
		{C57EDB3F-970B-40BD-900A-7274BDD9942B}.Debug|Any CPU.ActiveCfg = Debug|Any CPU
		{C57EDB3F-970B-40BD-900A-7274BDD9942B}.Debug|Any CPU.Build.0 = Debug|Any CPU
		{C57EDB3F-970B-40BD-900A-7274BDD9942B}.Release|Any CPU.ActiveCfg = Release|Any CPU
		{C57EDB3F-970B-40BD-900A-7274BDD9942B}.Release|Any CPU.Build.0 = Release|Any CPU
		{6290F8BA-7AD9-444C-86E3-CED9EF3BF0D4}.Debug|Any CPU.ActiveCfg = Debug|Any CPU
		{6290F8BA-7AD9-444C-86E3-CED9EF3BF0D4}.Debug|Any CPU.Build.0 = Debug|Any CPU
		{6290F8BA-7AD9-444C-86E3-CED9EF3BF0D4}.Release|Any CPU.ActiveCfg = Release|Any CPU
		{6290F8BA-7AD9-444C-86E3-CED9EF3BF0D4}.Release|Any CPU.Build.0 = Release|Any CPU
		{B83E6312-3CBC-44C3-A19D-CA2158BE81D2}.Debug|Any CPU.ActiveCfg = Debug|Any CPU
		{B83E6312-3CBC-44C3-A19D-CA2158BE81D2}.Debug|Any CPU.Build.0 = Debug|Any CPU
		{B83E6312-3CBC-44C3-A19D-CA2158BE81D2}.Release|Any CPU.ActiveCfg = Release|Any CPU
		{B83E6312-3CBC-44C3-A19D-CA2158BE81D2}.Release|Any CPU.Build.0 = Release|Any CPU
		{F6DC4A96-202A-44DF-AF68-E0058141BAA1}.Debug|Any CPU.ActiveCfg = Debug|Any CPU
		{F6DC4A96-202A-44DF-AF68-E0058141BAA1}.Debug|Any CPU.Build.0 = Debug|Any CPU
		{F6DC4A96-202A-44DF-AF68-E0058141BAA1}.Release|Any CPU.ActiveCfg = Release|Any CPU
		{F6DC4A96-202A-44DF-AF68-E0058141BAA1}.Release|Any CPU.Build.0 = Release|Any CPU
	EndGlobalSection
EndGlobal
